
Microsoft Visual Studio Solution File, Format Version 12.00
# Visual Studio Version 17
VisualStudioVersion = 17.1.32210.238
MinimumVisualStudioVersion = 10.0.40219.1
Project("{FAE04EC0-301F-11D3-BF4B-00C04F79EFBC}") = "OOP_HomeWork_07-Task3", "OOP_HomeWork_07-Task3\OOP_HomeWork_07-Task3.csproj", "{27852950-44DD-4996-9E68-D2B645872D77}"
EndProject
Global
	GlobalSection(SolutionConfigurationPlatforms) = preSolution
		Debug|Any CPU = Debug|Any CPU
		Release|Any CPU = Release|Any CPU
	EndGlobalSection
	GlobalSection(ProjectConfigurationPlatforms) = postSolution
		{27852950-44DD-4996-9E68-D2B645872D77}.Debug|Any CPU.ActiveCfg = Debug|Any CPU
		{27852950-44DD-4996-9E68-D2B645872D77}.Debug|Any CPU.Build.0 = Debug|Any CPU
		{27852950-44DD-4996-9E68-D2B645872D77}.Release|Any CPU.ActiveCfg = Release|Any CPU
		{27852950-44DD-4996-9E68-D2B645872D77}.Release|Any CPU.Build.0 = Release|Any CPU
	EndGlobalSection
	GlobalSection(SolutionProperties) = preSolution
		HideSolutionNode = FALSE
	EndGlobalSection
	GlobalSection(ExtensibilityGlobals) = postSolution
		SolutionGuid = {EFEE3A5E-2D3E-418C-B2C7-52E8D654303D}
	EndGlobalSection
EndGlobal
