
Microsoft Visual Studio Solution File, Format Version 12.00
# Visual Studio Version 17
VisualStudioVersion = 17.1.32210.238
MinimumVisualStudioVersion = 10.0.40219.1
Project("{FAE04EC0-301F-11D3-BF4B-00C04F79EFBC}") = "OOP_HomeWork_07-Task1", "OOP_HomeWork_07-Task1\OOP_HomeWork_07-Task1.csproj", "{9380C48F-CC7F-4DE0-A476-3EEF94251AFE}"
EndProject
Global
	GlobalSection(SolutionConfigurationPlatforms) = preSolution
		Debug|Any CPU = Debug|Any CPU
		Release|Any CPU = Release|Any CPU
	EndGlobalSection
	GlobalSection(ProjectConfigurationPlatforms) = postSolution
		{9380C48F-CC7F-4DE0-A476-3EEF94251AFE}.Debug|Any CPU.ActiveCfg = Debug|Any CPU
		{9380C48F-CC7F-4DE0-A476-3EEF94251AFE}.Debug|Any CPU.Build.0 = Debug|Any CPU
		{9380C48F-CC7F-4DE0-A476-3EEF94251AFE}.Release|Any CPU.ActiveCfg = Release|Any CPU
		{9380C48F-CC7F-4DE0-A476-3EEF94251AFE}.Release|Any CPU.Build.0 = Release|Any CPU
	EndGlobalSection
	GlobalSection(SolutionProperties) = preSolution
		HideSolutionNode = FALSE
	EndGlobalSection
	GlobalSection(ExtensibilityGlobals) = postSolution
		SolutionGuid = {381FE878-57DD-495C-84CC-993BD296095C}
	EndGlobalSection
EndGlobal
